
Microsoft Visual Studio Solution File, Format Version 12.00
# Visual Studio Version 17
VisualStudioVersion = 17.7.34221.43
MinimumVisualStudioVersion = 10.0.40219.1
Project("{FAE04EC0-301F-11D3-BF4B-00C04F79EFBC}") = "Лаб2-2ТП", "Лаб2-2ТП\Лаб2-2ТП.csproj", "{8C053608-9B3D-4952-BAC9-54BE0FFA0FDE}"
EndProject
Global
	GlobalSection(SolutionConfigurationPlatforms) = preSolution
		Debug|Any CPU = Debug|Any CPU
		Release|Any CPU = Release|Any CPU
	EndGlobalSection
	GlobalSection(ProjectConfigurationPlatforms) = postSolution
		{8C053608-9B3D-4952-BAC9-54BE0FFA0FDE}.Debug|Any CPU.ActiveCfg = Debug|Any CPU
		{8C053608-9B3D-4952-BAC9-54BE0FFA0FDE}.Debug|Any CPU.Build.0 = Debug|Any CPU
		{8C053608-9B3D-4952-BAC9-54BE0FFA0FDE}.Release|Any CPU.ActiveCfg = Release|Any CPU
		{8C053608-9B3D-4952-BAC9-54BE0FFA0FDE}.Release|Any CPU.Build.0 = Release|Any CPU
	EndGlobalSection
	GlobalSection(SolutionProperties) = preSolution
		HideSolutionNode = FALSE
	EndGlobalSection
	GlobalSection(ExtensibilityGlobals) = postSolution
		SolutionGuid = {AEE8DBEA-06C6-44D4-9889-36D3962A889D}
	EndGlobalSection
EndGlobal
